// !$*UTF8*$!
{
	archiveVersion = 1;
	classes = {
	};
	objectVersion = 77;
	objects = {

/* Begin PBXBuildFile section */
		07AB14D8C34A065B78F83E67 /* CityWeatherDetailView.swift in Sources */ = {isa = PBXBuildFile; fileRef = 8F20486F6BC05C53FA3392A3 /* CityWeatherDetailView.swift */; };
		09A4904D935CFCBAA1013611 /* WeatherErrorView.swift in Sources */ = {isa = PBXBuildFile; fileRef = 5AF82740F82B775428D05CB9 /* WeatherErrorView.swift */; };
		0C5192998DB67A47997D8A7F /* HourlyForecastRow.swift in Sources */ = {isa = PBXBuildFile; fileRef = C72153BC02BECFC751B3D59A /* HourlyForecastRow.swift */; };
		330E79C009088C33B8E09549 /* LocationMapView.swift in Sources */ = {isa = PBXBuildFile; fileRef = E8EF7C7936C8A247C8739FC7 /* LocationMapView.swift */; };
		34AF3FC76D1C6B6645992939 /* WeatherTheme.swift in Sources */ = {isa = PBXBuildFile; fileRef = 0AAF918065CCBD44CCBC626C /* WeatherTheme.swift */; };
		384A043D3006A0F1000243ED /* WeatherModels.swift in Sources */ = {isa = PBXBuildFile; fileRef = 384A043C3006A0F1000243ED /* WeatherModels.swift */; };
		384A043F3006A18D000243ED /* WeatherService.swift in Sources */ = {isa = PBXBuildFile; fileRef = 384A043E3006A18D000243ED /* WeatherService.swift */; };
		384A04413006A287000243ED /* WeatherViewModel.swift in Sources */ = {isa = PBXBuildFile; fileRef = 384A04403006A287000243ED /* WeatherViewModel.swift */; };
		388B05193007D73A000486A1 /* LocationViewModel.swift in Sources */ = {isa = PBXBuildFile; fileRef = 388B05183007D73A000486A1 /* LocationViewModel.swift */; };
		388B052330082F40000486A1 /* WeatherFormatter.swift in Sources */ = {isa = PBXBuildFile; fileRef = 388B052230082F40000486A1 /* WeatherFormatter.swift */; };
		389C864E30090862005C5E4D /* ContentView.swift in Sources */ = {isa = PBXBuildFile; fileRef = 389C864B30090862005C5E4D /* ContentView.swift */; };
		38B04AD5300A794E006B1AE2 /* FavoriteCity.swift in Sources */ = {isa = PBXBuildFile; fileRef = 38B04AD4300A794E006B1AE2 /* FavoriteCity.swift */; };
		38C65B78300974CA002E4E6B /* SearchCityView.swift in Sources */ = {isa = PBXBuildFile; fileRef = 38C65B77300974CA002E4E6B /* SearchCityView.swift */; };
		38CDADE83017CFFB00FBADCD /* CacheEntryObject.swift in Sources */ = {isa = PBXBuildFile; fileRef = 38CDADE73017CFFB00FBADCD /* CacheEntryObject.swift */; };
		38CDADEA3017D03700FBADCD /* NSCache+Subscript.swift in Sources */ = {isa = PBXBuildFile; fileRef = 38CDADE93017D03700FBADCD /* NSCache+Subscript.swift */; };
		56A6B13B1475A30BAAFB5BD0 /* WeatherIconView.swift in Sources */ = {isa = PBXBuildFile; fileRef = 064C8DF8A6957E1A44BDECD9 /* WeatherIconView.swift */; };
		59498FE9BB212821B4813D35 /* CitySearchViewModel.swift in Sources */ = {isa = PBXBuildFile; fileRef = 97E295BB31576A82EC208BC1 /* CitySearchViewModel.swift */; };
		5C4A499F0BFD481FE5D97D0C /* FavoriteCityRow.swift in Sources */ = {isa = PBXBuildFile; fileRef = D8036858D3291BC44CCD4645 /* FavoriteCityRow.swift */; };
		5E91D1EA84CDA387F62D86B6 /* FavoritesViewModel.swift in Sources */ = {isa = PBXBuildFile; fileRef = 32F690443842A76E934385F1 /* FavoritesViewModel.swift */; };
		618B72B9CC58DB73EA6205F5 /* WeatherStatItem.swift in Sources */ = {isa = PBXBuildFile; fileRef = EC27C55D2F5BF3EB04E1C1C7 /* WeatherStatItem.swift */; };
		72CC1D71AD17E8A7245E8A1B /* CitySearchRow.swift in Sources */ = {isa = PBXBuildFile; fileRef = 193FB8532E316716F17E877A /* CitySearchRow.swift */; };
		A2339C27AECFF9F10491CB7B /* CurrentWeatherCard.swift in Sources */ = {isa = PBXBuildFile; fileRef = 539DB6104699C8F0A15496B7 /* CurrentWeatherCard.swift */; };
		A6BA26C365CBD0BE76A11A7D /* FavoritesView.swift in Sources */ = {isa = PBXBuildFile; fileRef = 45C0EFEDEB41ED9A61FBD6E2 /* FavoritesView.swift */; };
		C9F09A1F814E4BF526F76271 /* HourlyForecastView.swift in Sources */ = {isa = PBXBuildFile; fileRef = E4EE4E2996C625D9F8C8FA9C /* HourlyForecastView.swift */; };
		CF5F3D8F58C5565CAEBC351E /* CityFavoriteControls.swift in Sources */ = {isa = PBXBuildFile; fileRef = B9EEA5B924C28EFDDF403DB4 /* CityFavoriteControls.swift */; };
		FF051D799264E0CF463F5DB5 /* CityResult.swift in Sources */ = {isa = PBXBuildFile; fileRef = FBCD7F9ACE0F55D426CFDA72 /* CityResult.swift */; };
/* End PBXBuildFile section */

/* Begin PBXContainerItemProxy section */
		384A041C3006A02D000243ED /* PBXContainerItemProxy */ = {
			isa = PBXContainerItemProxy;
			containerPortal = 384A04063006A02D000243ED /* Project object */;
			proxyType = 1;
			remoteGlobalIDString = 384A040D3006A02D000243ED;
			remoteInfo = WeatherApp;
		};
/* End PBXContainerItemProxy section */

/* Begin PBXFileReference section */
		064C8DF8A6957E1A44BDECD9 /* WeatherIconView.swift */ = {isa = PBXFileReference; lastKnownFileType = sourcecode.swift; path = WeatherIconView.swift; sourceTree = "<group>"; };
		0AAF918065CCBD44CCBC626C /* WeatherTheme.swift */ = {isa = PBXFileReference; lastKnownFileType = sourcecode.swift; path = WeatherTheme.swift; sourceTree = "<group>"; };
		193FB8532E316716F17E877A /* CitySearchRow.swift */ = {isa = PBXFileReference; lastKnownFileType = sourcecode.swift; path = CitySearchRow.swift; sourceTree = "<group>"; };
		32F690443842A76E934385F1 /* FavoritesViewModel.swift */ = {isa = PBXFileReference; lastKnownFileType = sourcecode.swift; path = FavoritesViewModel.swift; sourceTree = "<group>"; };
		384A043C3006A0F1000243ED /* WeatherModels.swift */ = {isa = PBXFileReference; lastKnownFileType = sourcecode.swift; path = WeatherModels.swift; sourceTree = "<group>"; };
		384A043E3006A18D000243ED /* WeatherService.swift */ = {isa = PBXFileReference; lastKnownFileType = sourcecode.swift; path = WeatherService.swift; sourceTree = "<group>"; };
		384A04403006A287000243ED /* WeatherViewModel.swift */ = {isa = PBXFileReference; lastKnownFileType = sourcecode.swift; path = WeatherViewModel.swift; sourceTree = "<group>"; };
		388B05063007CABA000486A1 /* WeatherApp.app */ = {isa = PBXFileReference; explicitFileType = wrapper.application; includeInIndex = 0; path = WeatherApp.app; sourceTree = BUILT_PRODUCTS_DIR; };
		388B05073007CABA000486A1 /* WeatherAppTests.xctest */ = {isa = PBXFileReference; explicitFileType = wrapper.cfbundle; includeInIndex = 0; path = WeatherAppTests.xctest; sourceTree = BUILT_PRODUCTS_DIR; };
		388B05183007D73A000486A1 /* LocationViewModel.swift */ = {isa = PBXFileReference; lastKnownFileType = sourcecode.swift; path = LocationViewModel.swift; sourceTree = "<group>"; };
		388B052230082F40000486A1 /* WeatherFormatter.swift */ = {isa = PBXFileReference; lastKnownFileType = sourcecode.swift; path = WeatherFormatter.swift; sourceTree = "<group>"; };
		389C864B30090862005C5E4D /* ContentView.swift */ = {isa = PBXFileReference; lastKnownFileType = sourcecode.swift; path = ContentView.swift; sourceTree = "<group>"; };
		38B04AD4300A794E006B1AE2 /* FavoriteCity.swift */ = {isa = PBXFileReference; lastKnownFileType = sourcecode.swift; path = FavoriteCity.swift; sourceTree = "<group>"; };
		38C65B77300974CA002E4E6B /* SearchCityView.swift */ = {isa = PBXFileReference; lastKnownFileType = sourcecode.swift; path = SearchCityView.swift; sourceTree = "<group>"; };
		38CDADE73017CFFB00FBADCD /* CacheEntryObject.swift */ = {isa = PBXFileReference; lastKnownFileType = sourcecode.swift; path = CacheEntryObject.swift; sourceTree = "<group>"; };
		38CDADE93017D03700FBADCD /* NSCache+Subscript.swift */ = {isa = PBXFileReference; lastKnownFileType = sourcecode.swift; path = "NSCache+Subscript.swift"; sourceTree = "<group>"; };
		45C0EFEDEB41ED9A61FBD6E2 /* FavoritesView.swift */ = {isa = PBXFileReference; lastKnownFileType = sourcecode.swift; path = FavoritesView.swift; sourceTree = "<group>"; };
		539DB6104699C8F0A15496B7 /* CurrentWeatherCard.swift */ = {isa = PBXFileReference; lastKnownFileType = sourcecode.swift; path = CurrentWeatherCard.swift; sourceTree = "<group>"; };
		5AF82740F82B775428D05CB9 /* WeatherErrorView.swift */ = {isa = PBXFileReference; lastKnownFileType = sourcecode.swift; path = WeatherErrorView.swift; sourceTree = "<group>"; };
		8F20486F6BC05C53FA3392A3 /* CityWeatherDetailView.swift */ = {isa = PBXFileReference; lastKnownFileType = sourcecode.swift; path = CityWeatherDetailView.swift; sourceTree = "<group>"; };
		97E295BB31576A82EC208BC1 /* CitySearchViewModel.swift */ = {isa = PBXFileReference; lastKnownFileType = sourcecode.swift; path = CitySearchViewModel.swift; sourceTree = "<group>"; };
		B9EEA5B924C28EFDDF403DB4 /* CityFavoriteControls.swift */ = {isa = PBXFileReference; lastKnownFileType = sourcecode.swift; path = CityFavoriteControls.swift; sourceTree = "<group>"; };
		C72153BC02BECFC751B3D59A /* HourlyForecastRow.swift */ = {isa = PBXFileReference; lastKnownFileType = sourcecode.swift; path = HourlyForecastRow.swift; sourceTree = "<group>"; };
		D8036858D3291BC44CCD4645 /* FavoriteCityRow.swift */ = {isa = PBXFileReference; lastKnownFileType = sourcecode.swift; path = FavoriteCityRow.swift; sourceTree = "<group>"; };
		E4EE4E2996C625D9F8C8FA9C /* HourlyForecastView.swift */ = {isa = PBXFileReference; lastKnownFileType = sourcecode.swift; path = HourlyForecastView.swift; sourceTree = "<group>"; };
		E8EF7C7936C8A247C8739FC7 /* LocationMapView.swift */ = {isa = PBXFileReference; lastKnownFileType = sourcecode.swift; path = LocationMapView.swift; sourceTree = "<group>"; };
		EC27C55D2F5BF3EB04E1C1C7 /* WeatherStatItem.swift */ = {isa = PBXFileReference; lastKnownFileType = sourcecode.swift; path = WeatherStatItem.swift; sourceTree = "<group>"; };
		FBCD7F9ACE0F55D426CFDA72 /* CityResult.swift */ = {isa = PBXFileReference; lastKnownFileType = sourcecode.swift; path = CityResult.swift; sourceTree = "<group>"; };
/* End PBXFileReference section */

/* Begin PBXFileSystemSynchronizedRootGroup section */
		384A04103006A02D000243ED /* WeatherApp */ = {
			isa = PBXFileSystemSynchronizedRootGroup;
			path = WeatherApp;
			sourceTree = "<group>";
		};
		384A041E3006A02D000243ED /* WeatherAppTests */ = {
			isa = PBXFileSystemSynchronizedRootGroup;
			path = WeatherAppTests;
			sourceTree = "<group>";
		};
/* End PBXFileSystemSynchronizedRootGroup section */

/* Begin PBXFrameworksBuildPhase section */
		384A040B3006A02D000243ED /* Frameworks */ = {
			isa = PBXFrameworksBuildPhase;
			buildActionMask = 2147483647;
			files = (
			);
			runOnlyForDeploymentPostprocessing = 0;
		};
		384A04183006A02D000243ED /* Frameworks */ = {
			isa = PBXFrameworksBuildPhase;
			buildActionMask = 2147483647;
			files = (
			);
			runOnlyForDeploymentPostprocessing = 0;
		};
/* End PBXFrameworksBuildPhase section */

/* Begin PBXGroup section */
		384A04053006A02D000243ED = {
			isa = PBXGroup;
			children = (
				389C865A30090DD6005C5E4D /* Views */,
				388B052130082F2A000486A1 /* Utils */,
				384A043A3006A0A1000243ED /* Services */,
				384A04393006A09A000243ED /* ViewModels */,
				384A04383006A092000243ED /* Models */,
				384A04103006A02D000243ED /* WeatherApp */,
				384A041E3006A02D000243ED /* WeatherAppTests */,
				388B05063007CABA000486A1 /* WeatherApp.app */,
				388B05073007CABA000486A1 /* WeatherAppTests.xctest */,
			);
			sourceTree = "<group>";
		};
		384A04383006A092000243ED /* Models */ = {
			isa = PBXGroup;
			children = (
				38CDADE63017CFE200FBADCD /* Cache */,
				38B04AD3300A7938006B1AE2 /* SwiftDataModels */,
				384A043C3006A0F1000243ED /* WeatherModels.swift */,
				FBCD7F9ACE0F55D426CFDA72 /* CityResult.swift */,
			);
			path = Models;
			sourceTree = "<group>";
		};
		384A04393006A09A000243ED /* ViewModels */ = {
			isa = PBXGroup;
			children = (
				388B05183007D73A000486A1 /* LocationViewModel.swift */,
				384A04403006A287000243ED /* WeatherViewModel.swift */,
				97E295BB31576A82EC208BC1 /* CitySearchViewModel.swift */,
				32F690443842A76E934385F1 /* FavoritesViewModel.swift */,
			);
			path = ViewModels;
			sourceTree = "<group>";
		};
		384A043A3006A0A1000243ED /* Services */ = {
			isa = PBXGroup;
			children = (
				384A043E3006A18D000243ED /* WeatherService.swift */,
			);
			path = Services;
			sourceTree = "<group>";
		};
		388B052130082F2A000486A1 /* Utils */ = {
			isa = PBXGroup;
			children = (
				388B052230082F40000486A1 /* WeatherFormatter.swift */,
				0AAF918065CCBD44CCBC626C /* WeatherTheme.swift */,
			);
			path = Utils;
			sourceTree = "<group>";
		};
		389C865A30090DD6005C5E4D /* Views */ = {
			isa = PBXGroup;
			children = (
				38BF5A3C300FEC6D006B0846 /* Components */,
				389C864B30090862005C5E4D /* ContentView.swift */,
				38C65B77300974CA002E4E6B /* SearchCityView.swift */,
				45C0EFEDEB41ED9A61FBD6E2 /* FavoritesView.swift */,
			);
			path = Views;
			sourceTree = "<group>";
		};
		38B04AD3300A7938006B1AE2 /* SwiftDataModels */ = {
			isa = PBXGroup;
			children = (
				38B04AD4300A794E006B1AE2 /* FavoriteCity.swift */,
			);
			path = SwiftDataModels;
			sourceTree = "<group>";
		};
		38BF5A3C300FEC6D006B0846 /* Components */ = {
			isa = PBXGroup;
			children = (
				EC27C55D2F5BF3EB04E1C1C7 /* WeatherStatItem.swift */,
				5AF82740F82B775428D05CB9 /* WeatherErrorView.swift */,
				064C8DF8A6957E1A44BDECD9 /* WeatherIconView.swift */,
				539DB6104699C8F0A15496B7 /* CurrentWeatherCard.swift */,
				E8EF7C7936C8A247C8739FC7 /* LocationMapView.swift */,
				193FB8532E316716F17E877A /* CitySearchRow.swift */,
				B9EEA5B924C28EFDDF403DB4 /* CityFavoriteControls.swift */,
				8F20486F6BC05C53FA3392A3 /* CityWeatherDetailView.swift */,
				D8036858D3291BC44CCD4645 /* FavoriteCityRow.swift */,
				C72153BC02BECFC751B3D59A /* HourlyForecastRow.swift */,
				E4EE4E2996C625D9F8C8FA9C /* HourlyForecastView.swift */,
			);
			path = Components;
			sourceTree = "<group>";
		};
		38CDADE63017CFE200FBADCD /* Cache */ = {
			isa = PBXGroup;
			children = (
				38CDADE73017CFFB00FBADCD /* CacheEntryObject.swift */,
				38CDADE93017D03700FBADCD /* NSCache+Subscript.swift */,
			);
			path = Cache;
			sourceTree = "<group>";
		};
/* End PBXGroup section */

/* Begin PBXNativeTarget section */
		384A040D3006A02D000243ED /* WeatherApp */ = {
			isa = PBXNativeTarget;
			buildConfigurationList = 384A042F3006A02D000243ED /* Build configuration list for PBXNativeTarget "WeatherApp" */;
			buildPhases = (
				384A040A3006A02D000243ED /* Sources */,
				384A040B3006A02D000243ED /* Frameworks */,
				384A040C3006A02D000243ED /* Resources */,
			);
			buildRules = (
			);
			dependencies = (
			);
			fileSystemSynchronizedGroups = (
				384A04103006A02D000243ED /* WeatherApp */,
			);
			name = WeatherApp;
			packageProductDependencies = (
			);
			productName = WeatherApp;
			productReference = 388B05063007CABA000486A1 /* WeatherApp.app */;
			productType = "com.apple.product-type.application";
		};
		384A041A3006A02D000243ED /* WeatherAppTests */ = {
			isa = PBXNativeTarget;
			buildConfigurationList = 384A04323006A02D000243ED /* Build configuration list for PBXNativeTarget "WeatherAppTests" */;
			buildPhases = (
				384A04173006A02D000243ED /* Sources */,
				384A04183006A02D000243ED /* Frameworks */,
				384A04193006A02D000243ED /* Resources */,
			);
			buildRules = (
			);
			dependencies = (
				384A041D3006A02D000243ED /* PBXTargetDependency */,
			);
			fileSystemSynchronizedGroups = (
				384A041E3006A02D000243ED /* WeatherAppTests */,
			);
			name = WeatherAppTests;
			packageProductDependencies = (
			);
			productName = WeatherAppTests;
			productReference = 388B05073007CABA000486A1 /* WeatherAppTests.xctest */;
			productType = "com.apple.product-type.bundle.unit-test";
		};
/* End PBXNativeTarget section */

/* Begin PBXProject section */
		384A04063006A02D000243ED /* Project object */ = {
			isa = PBXProject;
			attributes = {
				BuildIndependentTargetsInParallel = 1;
				LastSwiftUpdateCheck = 2650;
				LastUpgradeCheck = 2650;
				TargetAttributes = {
					384A040D3006A02D000243ED = {
						CreatedOnToolsVersion = 26.5;
					};
					384A041A3006A02D000243ED = {
						CreatedOnToolsVersion = 26.5;
						TestTargetID = 384A040D3006A02D000243ED;
					};
				};
			};
			buildConfigurationList = 384A04093006A02D000243ED /* Build configuration list for PBXProject "WeatherApp" */;
			developmentRegion = en;
			hasScannedForEncodings = 0;
			knownRegions = (
				en,
				Base,
			);
			mainGroup = 384A04053006A02D000243ED;
			minimizedProjectReferenceProxies = 1;
			preferredProjectObjectVersion = 77;
			productRefGroup = 384A04053006A02D000243ED;
			projectDirPath = "";
			projectRoot = "";
			targets = (
				384A040D3006A02D000243ED /* WeatherApp */,
				384A041A3006A02D000243ED /* WeatherAppTests */,
			);
		};
/* End PBXProject section */

/* Begin PBXResourcesBuildPhase section */
		384A040C3006A02D000243ED /* Resources */ = {
			isa = PBXResourcesBuildPhase;
			buildActionMask = 2147483647;
			files = (
			);
			runOnlyForDeploymentPostprocessing = 0;
		};
		384A04193006A02D000243ED /* Resources */ = {
			isa = PBXResourcesBuildPhase;
			buildActionMask = 2147483647;
			files = (
			);
			runOnlyForDeploymentPostprocessing = 0;
		};
/* End PBXResourcesBuildPhase section */

/* Begin PBXSourcesBuildPhase section */
		384A040A3006A02D000243ED /* Sources */ = {
			isa = PBXSourcesBuildPhase;
			buildActionMask = 2147483647;
			files = (
				388B052330082F40000486A1 /* WeatherFormatter.swift in Sources */,
				384A04413006A287000243ED /* WeatherViewModel.swift in Sources */,
				384A043F3006A18D000243ED /* WeatherService.swift in Sources */,
				38C65B78300974CA002E4E6B /* SearchCityView.swift in Sources */,
				388B05193007D73A000486A1 /* LocationViewModel.swift in Sources */,
				38CDADEA3017D03700FBADCD /* NSCache+Subscript.swift in Sources */,
				389C864E30090862005C5E4D /* ContentView.swift in Sources */,
				384A043D3006A0F1000243ED /* WeatherModels.swift in Sources */,
				FF051D799264E0CF463F5DB5 /* CityResult.swift in Sources */,
				59498FE9BB212821B4813D35 /* CitySearchViewModel.swift in Sources */,
				72CC1D71AD17E8A7245E8A1B /* CitySearchRow.swift in Sources */,
				0C5192998DB67A47997D8A7F /* HourlyForecastRow.swift in Sources */,
				C9F09A1F814E4BF526F76271 /* HourlyForecastView.swift in Sources */,
				34AF3FC76D1C6B6645992939 /* WeatherTheme.swift in Sources */,
				56A6B13B1475A30BAAFB5BD0 /* WeatherIconView.swift in Sources */,
				618B72B9CC58DB73EA6205F5 /* WeatherStatItem.swift in Sources */,
				A2339C27AECFF9F10491CB7B /* CurrentWeatherCard.swift in Sources */,
				38B04AD5300A794E006B1AE2 /* FavoriteCity.swift in Sources */,
				09A4904D935CFCBAA1013611 /* WeatherErrorView.swift in Sources */,
				5E91D1EA84CDA387F62D86B6 /* FavoritesViewModel.swift in Sources */,
				07AB14D8C34A065B78F83E67 /* CityWeatherDetailView.swift in Sources */,
				38CDADE83017CFFB00FBADCD /* CacheEntryObject.swift in Sources */,
				CF5F3D8F58C5565CAEBC351E /* CityFavoriteControls.swift in Sources */,
				5C4A499F0BFD481FE5D97D0C /* FavoriteCityRow.swift in Sources */,
				A6BA26C365CBD0BE76A11A7D /* FavoritesView.swift in Sources */,
				330E79C009088C33B8E09549 /* LocationMapView.swift in Sources */,
			);
			runOnlyForDeploymentPostprocessing = 0;
		};
		384A04173006A02D000243ED /* Sources */ = {
			isa = PBXSourcesBuildPhase;
			buildActionMask = 2147483647;
			files = (
			);
			runOnlyForDeploymentPostprocessing = 0;
		};
/* End PBXSourcesBuildPhase section */

/* Begin PBXTargetDependency section */
		384A041D3006A02D000243ED /* PBXTargetDependency */ = {
			isa = PBXTargetDependency;
			target = 384A040D3006A02D000243ED /* WeatherApp */;
			targetProxy = 384A041C3006A02D000243ED /* PBXContainerItemProxy */;
		};
/* End PBXTargetDependency section */

/* Begin XCBuildConfiguration section */
		384A042D3006A02D000243ED /* Debug */ = {
			isa = XCBuildConfiguration;
			buildSettings = {
				ALWAYS_SEARCH_USER_PATHS = NO;
				ASSETCATALOG_COMPILER_GENERATE_SWIFT_ASSET_SYMBOL_EXTENSIONS = YES;
				CLANG_ANALYZER_NONNULL = YES;
				CLANG_ANALYZER_NUMBER_OBJECT_CONVERSION = YES_AGGRESSIVE;
				CLANG_CXX_LANGUAGE_STANDARD = "gnu++20";
				CLANG_ENABLE_MODULES = YES;
				CLANG_ENABLE_OBJC_ARC = YES;
				CLANG_ENABLE_OBJC_WEAK = YES;
				CLANG_WARN_BLOCK_CAPTURE_AUTORELEASING = YES;
				CLANG_WARN_BOOL_CONVERSION = YES;
				CLANG_WARN_COMMA = YES;
				CLANG_WARN_CONSTANT_CONVERSION = YES;
				CLANG_WARN_DEPRECATED_OBJC_IMPLEMENTATIONS = YES;
				CLANG_WARN_DIRECT_OBJC_ISA_USAGE = YES_ERROR;
				CLANG_WARN_DOCUMENTATION_COMMENTS = YES;
				CLANG_WARN_EMPTY_BODY = YES;
				CLANG_WARN_ENUM_CONVERSION = YES;
				CLANG_WARN_INFINITE_RECURSION = YES;
				CLANG_WARN_INT_CONVERSION = YES;
				CLANG_WARN_NON_LITERAL_NULL_CONVERSION = YES;
				CLANG_WARN_OBJC_IMPLICIT_RETAIN_SELF = YES;
				CLANG_WARN_OBJC_LITERAL_CONVERSION = YES;
				CLANG_WARN_OBJC_ROOT_CLASS = YES_ERROR;
				CLANG_WARN_QUOTED_INCLUDE_IN_FRAMEWORK_HEADER = YES;
				CLANG_WARN_RANGE_LOOP_ANALYSIS = YES;
				CLANG_WARN_STRICT_PROTOTYPES = YES;
				CLANG_WARN_SUSPICIOUS_MOVE = YES;
				CLANG_WARN_UNGUARDED_AVAILABILITY = YES_AGGRESSIVE;
				CLANG_WARN_UNREACHABLE_CODE = YES;
				CLANG_WARN__DUPLICATE_METHOD_MATCH = YES;
				COPY_PHASE_STRIP = NO;
				DEBUG_INFORMATION_FORMAT = dwarf;
				DEVELOPMENT_TEAM = 7N9YG996K2;
				ENABLE_STRICT_OBJC_MSGSEND = YES;
				ENABLE_TESTABILITY = YES;
				ENABLE_USER_SCRIPT_SANDBOXING = YES;
				GCC_C_LANGUAGE_STANDARD = gnu17;
				GCC_DYNAMIC_NO_PIC = NO;
				GCC_NO_COMMON_BLOCKS = YES;
				GCC_OPTIMIZATION_LEVEL = 0;
				GCC_PREPROCESSOR_DEFINITIONS = (
					"DEBUG=1",
					"$(inherited)",
				);
				GCC_WARN_64_TO_32_BIT_CONVERSION = YES;
				GCC_WARN_ABOUT_RETURN_TYPE = YES_ERROR;
				GCC_WARN_UNDECLARED_SELECTOR = YES;
				GCC_WARN_UNINITIALIZED_AUTOS = YES_AGGRESSIVE;
				GCC_WARN_UNUSED_FUNCTION = YES;
				GCC_WARN_UNUSED_VARIABLE = YES;
				IPHONEOS_DEPLOYMENT_TARGET = 26.5;
				LOCALIZATION_PREFERS_STRING_CATALOGS = YES;
				MTL_ENABLE_DEBUG_INFO = INCLUDE_SOURCE;
				MTL_FAST_MATH = YES;
				ONLY_ACTIVE_ARCH = YES;
				SDKROOT = iphoneos;
				SWIFT_ACTIVE_COMPILATION_CONDITIONS = "DEBUG $(inherited)";
				SWIFT_OPTIMIZATION_LEVEL = "-Onone";
			};
			name = Debug;
		};
		384A042E3006A02D000243ED /* Release */ = {
			isa = XCBuildConfiguration;
			buildSettings = {
				ALWAYS_SEARCH_USER_PATHS = NO;
				ASSETCATALOG_COMPILER_GENERATE_SWIFT_ASSET_SYMBOL_EXTENSIONS = YES;
				CLANG_ANALYZER_NONNULL = YES;
				CLANG_ANALYZER_NUMBER_OBJECT_CONVERSION = YES_AGGRESSIVE;
				CLANG_CXX_LANGUAGE_STANDARD = "gnu++20";
				CLANG_ENABLE_MODULES = YES;
				CLANG_ENABLE_OBJC_ARC = YES;
				CLANG_ENABLE_OBJC_WEAK = YES;
				CLANG_WARN_BLOCK_CAPTURE_AUTORELEASING = YES;
				CLANG_WARN_BOOL_CONVERSION = YES;
				CLANG_WARN_COMMA = YES;
				CLANG_WARN_CONSTANT_CONVERSION = YES;
				CLANG_WARN_DEPRECATED_OBJC_IMPLEMENTATIONS = YES;
				CLANG_WARN_DIRECT_OBJC_ISA_USAGE = YES_ERROR;
				CLANG_WARN_DOCUMENTATION_COMMENTS = YES;
				CLANG_WARN_EMPTY_BODY = YES;
				CLANG_WARN_ENUM_CONVERSION = YES;
				CLANG_WARN_INFINITE_RECURSION = YES;
				CLANG_WARN_INT_CONVERSION = YES;
				CLANG_WARN_NON_LITERAL_NULL_CONVERSION = YES;
				CLANG_WARN_OBJC_IMPLICIT_RETAIN_SELF = YES;
				CLANG_WARN_OBJC_LITERAL_CONVERSION = YES;
				CLANG_WARN_OBJC_ROOT_CLASS = YES_ERROR;
				CLANG_WARN_QUOTED_INCLUDE_IN_FRAMEWORK_HEADER = YES;
				CLANG_WARN_RANGE_LOOP_ANALYSIS = YES;
				CLANG_WARN_STRICT_PROTOTYPES = YES;
				CLANG_WARN_SUSPICIOUS_MOVE = YES;
				CLANG_WARN_UNGUARDED_AVAILABILITY = YES_AGGRESSIVE;
				CLANG_WARN_UNREACHABLE_CODE = YES;
				CLANG_WARN__DUPLICATE_METHOD_MATCH = YES;
				COPY_PHASE_STRIP = NO;
				DEBUG_INFORMATION_FORMAT = "dwarf-with-dsym";
				DEVELOPMENT_TEAM = 7N9YG996K2;
				ENABLE_NS_ASSERTIONS = NO;
				ENABLE_STRICT_OBJC_MSGSEND = YES;
				ENABLE_USER_SCRIPT_SANDBOXING = YES;
				GCC_C_LANGUAGE_STANDARD = gnu17;
				GCC_NO_COMMON_BLOCKS = YES;
				GCC_WARN_64_TO_32_BIT_CONVERSION = YES;
				GCC_WARN_ABOUT_RETURN_TYPE = YES_ERROR;
				GCC_WARN_UNDECLARED_SELECTOR = YES;
				GCC_WARN_UNINITIALIZED_AUTOS = YES_AGGRESSIVE;
				GCC_WARN_UNUSED_FUNCTION = YES;
				GCC_WARN_UNUSED_VARIABLE = YES;
				IPHONEOS_DEPLOYMENT_TARGET = 26.5;
				LOCALIZATION_PREFERS_STRING_CATALOGS = YES;
				MTL_ENABLE_DEBUG_INFO = NO;
				MTL_FAST_MATH = YES;
				SDKROOT = iphoneos;
				SWIFT_COMPILATION_MODE = wholemodule;
				VALIDATE_PRODUCT = YES;
			};
			name = Release;
		};
		384A04303006A02D000243ED /* Debug */ = {
			isa = XCBuildConfiguration;
			buildSettings = {
				ASSETCATALOG_COMPILER_APPICON_NAME = AppIcon;
				ASSETCATALOG_COMPILER_GLOBAL_ACCENT_COLOR_NAME = AccentColor;
				CODE_SIGN_IDENTITY = "Apple Development";
				CODE_SIGN_STYLE = Automatic;
				CURRENT_PROJECT_VERSION = 1;
				DEVELOPMENT_TEAM = 7N9YG996K2;
				ENABLE_PREVIEWS = YES;
				GENERATE_INFOPLIST_FILE = YES;
				INFOPLIST_KEY_CFBundleDisplayName = Forecast;
				INFOPLIST_KEY_LSApplicationCategoryType = "public.app-category.weather";
				INFOPLIST_KEY_NSLocationAlwaysUsageDescription = "Permissão para utilizar sua localização.";
				INFOPLIST_KEY_NSLocationWhenInUseUsageDescription = "Permissão para utilizar sua localização.";
				INFOPLIST_KEY_UIApplicationSceneManifest_Generation = YES;
				INFOPLIST_KEY_UIApplicationSupportsIndirectInputEvents = YES;
				INFOPLIST_KEY_UILaunchScreen_Generation = YES;
				INFOPLIST_KEY_UISupportedInterfaceOrientations_iPad = "UIInterfaceOrientationPortrait UIInterfaceOrientationPortraitUpsideDown UIInterfaceOrientationLandscapeLeft UIInterfaceOrientationLandscapeRight";
				INFOPLIST_KEY_UISupportedInterfaceOrientations_iPhone = "UIInterfaceOrientationPortrait UIInterfaceOrientationLandscapeLeft UIInterfaceOrientationLandscapeRight";
				IPHONEOS_DEPLOYMENT_TARGET = 26.0;
				LD_RUNPATH_SEARCH_PATHS = (
					"$(inherited)",
					"@executable_path/Frameworks",
				);
				MARKETING_VERSION = 1.0;
				PRODUCT_BUNDLE_IDENTIFIER = gabrielAmaral.WeatherApp;
				PRODUCT_NAME = "$(TARGET_NAME)";
				PROVISIONING_PROFILE_SPECIFIER = "";
				STRING_CATALOG_GENERATE_SYMBOLS = YES;
				SWIFT_APPROACHABLE_CONCURRENCY = YES;
				SWIFT_DEFAULT_ACTOR_ISOLATION = MainActor;
				SWIFT_EMIT_LOC_STRINGS = YES;
				SWIFT_UPCOMING_FEATURE_MEMBER_IMPORT_VISIBILITY = YES;
				SWIFT_VERSION = 5.0;
				TARGETED_DEVICE_FAMILY = "1,2";
			};
			name = Debug;
		};
		384A04313006A02D000243ED /* Release */ = {
			isa = XCBuildConfiguration;
			buildSettings = {
				ASSETCATALOG_COMPILER_APPICON_NAME = AppIcon;
				ASSETCATALOG_COMPILER_GLOBAL_ACCENT_COLOR_NAME = AccentColor;
				CODE_SIGN_IDENTITY = "Apple Development";
				CODE_SIGN_STYLE = Automatic;
				CURRENT_PROJECT_VERSION = 1;
				DEVELOPMENT_TEAM = 7N9YG996K2;
				ENABLE_PREVIEWS = YES;
				GENERATE_INFOPLIST_FILE = YES;
				INFOPLIST_KEY_CFBundleDisplayName = Forecast;
				INFOPLIST_KEY_LSApplicationCategoryType = "public.app-category.weather";
				INFOPLIST_KEY_NSLocationAlwaysUsageDescription = "Permissão para utilizar sua localização.";
				INFOPLIST_KEY_NSLocationWhenInUseUsageDescription = "Permissão para utilizar sua localização.";
				INFOPLIST_KEY_UIApplicationSceneManifest_Generation = YES;
				INFOPLIST_KEY_UIApplicationSupportsIndirectInputEvents = YES;
				INFOPLIST_KEY_UILaunchScreen_Generation = YES;
				INFOPLIST_KEY_UISupportedInterfaceOrientations_iPad = "UIInterfaceOrientationPortrait UIInterfaceOrientationPortraitUpsideDown UIInterfaceOrientationLandscapeLeft UIInterfaceOrientationLandscapeRight";
				INFOPLIST_KEY_UISupportedInterfaceOrientations_iPhone = "UIInterfaceOrientationPortrait UIInterfaceOrientationLandscapeLeft UIInterfaceOrientationLandscapeRight";
				IPHONEOS_DEPLOYMENT_TARGET = 26.0;
				LD_RUNPATH_SEARCH_PATHS = (
					"$(inherited)",
					"@executable_path/Frameworks",
				);
				MARKETING_VERSION = 1.0;
				PRODUCT_BUNDLE_IDENTIFIER = gabrielAmaral.WeatherApp;
				PRODUCT_NAME = "$(TARGET_NAME)";
				PROVISIONING_PROFILE_SPECIFIER = "";
				STRING_CATALOG_GENERATE_SYMBOLS = YES;
				SWIFT_APPROACHABLE_CONCURRENCY = YES;
				SWIFT_DEFAULT_ACTOR_ISOLATION = MainActor;
				SWIFT_EMIT_LOC_STRINGS = YES;
				SWIFT_UPCOMING_FEATURE_MEMBER_IMPORT_VISIBILITY = YES;
				SWIFT_VERSION = 5.0;
				TARGETED_DEVICE_FAMILY = "1,2";
			};
			name = Release;
		};
		384A04333006A02D000243ED /* Debug */ = {
			isa = XCBuildConfiguration;
			buildSettings = {
				BUNDLE_LOADER = "$(TEST_HOST)";
				CODE_SIGN_STYLE = Automatic;
				CURRENT_PROJECT_VERSION = 1;
				DEVELOPMENT_TEAM = 7N9YG996K2;
				GENERATE_INFOPLIST_FILE = YES;
				IPHONEOS_DEPLOYMENT_TARGET = 26.5;
				MARKETING_VERSION = 1.0;
				PRODUCT_BUNDLE_IDENTIFIER = gabrielAmaral.WeatherAppTests;
				PRODUCT_NAME = "$(TARGET_NAME)";
				STRING_CATALOG_GENERATE_SYMBOLS = NO;
				SWIFT_APPROACHABLE_CONCURRENCY = YES;
				SWIFT_EMIT_LOC_STRINGS = NO;
				SWIFT_UPCOMING_FEATURE_MEMBER_IMPORT_VISIBILITY = YES;
				SWIFT_VERSION = 5.0;
				TARGETED_DEVICE_FAMILY = "1,2";
				TEST_HOST = "$(BUILT_PRODUCTS_DIR)/WeatherApp.app/$(BUNDLE_EXECUTABLE_FOLDER_PATH)/WeatherApp";
			};
			name = Debug;
		};
		384A04343006A02D000243ED /* Release */ = {
			isa = XCBuildConfiguration;
			buildSettings = {
				BUNDLE_LOADER = "$(TEST_HOST)";
				CODE_SIGN_STYLE = Automatic;
				CURRENT_PROJECT_VERSION = 1;
				DEVELOPMENT_TEAM = 7N9YG996K2;
				GENERATE_INFOPLIST_FILE = YES;
				IPHONEOS_DEPLOYMENT_TARGET = 26.5;
				MARKETING_VERSION = 1.0;
				PRODUCT_BUNDLE_IDENTIFIER = gabrielAmaral.WeatherAppTests;
				PRODUCT_NAME = "$(TARGET_NAME)";
				STRING_CATALOG_GENERATE_SYMBOLS = NO;
				SWIFT_APPROACHABLE_CONCURRENCY = YES;
				SWIFT_EMIT_LOC_STRINGS = NO;
				SWIFT_UPCOMING_FEATURE_MEMBER_IMPORT_VISIBILITY = YES;
				SWIFT_VERSION = 5.0;
				TARGETED_DEVICE_FAMILY = "1,2";
				TEST_HOST = "$(BUILT_PRODUCTS_DIR)/WeatherApp.app/$(BUNDLE_EXECUTABLE_FOLDER_PATH)/WeatherApp";
			};
			name = Release;
		};
/* End XCBuildConfiguration section */

/* Begin XCConfigurationList section */
		384A04093006A02D000243ED /* Build configuration list for PBXProject "WeatherApp" */ = {
			isa = XCConfigurationList;
			buildConfigurations = (
				384A042D3006A02D000243ED /* Debug */,
				384A042E3006A02D000243ED /* Release */,
			);
			defaultConfigurationIsVisible = 0;
			defaultConfigurationName = Release;
		};
		384A042F3006A02D000243ED /* Build configuration list for PBXNativeTarget "WeatherApp" */ = {
			isa = XCConfigurationList;
			buildConfigurations = (
				384A04303006A02D000243ED /* Debug */,
				384A04313006A02D000243ED /* Release */,
			);
			defaultConfigurationIsVisible = 0;
			defaultConfigurationName = Release;
		};
		384A04323006A02D000243ED /* Build configuration list for PBXNativeTarget "WeatherAppTests" */ = {
			isa = XCConfigurationList;
			buildConfigurations = (
				384A04333006A02D000243ED /* Debug */,
				384A04343006A02D000243ED /* Release */,
			);
			defaultConfigurationIsVisible = 0;
			defaultConfigurationName = Release;
		};
/* End XCConfigurationList section */
	};
	rootObject = 384A04063006A02D000243ED /* Project object */;
}
